{
  "name": "hub-user-workspace",
  "version": "0.0.1",
  "lockfileVersion": 3,
  "requires": true,
  "packages": {
    "": {
      "name": "hub-user-workspace",
      "version": "0.0.1",
      "license": "MIT",
      "dependencies": {
        "@esri/hub-common": "^12.6.1",
        "@esri/hub-discussions": "^19.5.1",
        "@esri/hub-events": "^12.4.1",
        "@stencil/core": "^2.13.0",
        "@types/node": "^18.14.0",
        "esri-loader": "^3.6.0"
      },
      "devDependencies": {
        "@esri/calcite-components": "^1.0.0-beta.97",
        "@esri/hub-components": "^4.1.2",
        "@stencil/sass": "^2.0.0",
        "@stencil/store": "^2.0.1",
        "@types/geojson": "^7946.0.10"
      }
    },
    "node_modules/@a11y/focus-trap": {
      "version": "1.0.5",
      "resolved": "https://registry.npmjs.org/@a11y/focus-trap/-/focus-trap-1.0.5.tgz",
      "integrity": "sha512-3JOd6g+BALysWS8LNf0qdB8ltR651H/RCLAvUmfS0LIHwHO579XfjZUIZbURYiAZrcbp1CBAq4QZ2YwKNQZ1hw==",
      "dev": true
    },
    "node_modules/@esri/arcgis-html-sanitizer": {
      "version": "2.11.0",
      "resolved": "https://registry.npmjs.org/@esri/arcgis-html-sanitizer/-/arcgis-html-sanitizer-2.11.0.tgz",
      "integrity": "sha512-eYQw1In+Jkop6YR6QW5R9ruYDwbxSYIlHF6sg3OwVbN65Mie3howP7ut3GcfAmIOIYegnPYCv4TDhkkF1nWcfw==",
      "dev": true,
      "dependencies": {
        "lodash.isplainobject": "^4.0.6",
        "xss": "^1.0.13"
      }
    },
    "node_modules/@esri/arcgis-rest-auth": {
      "version": "3.6.0",
      "resolved": "https://registry.npmjs.org/@esri/arcgis-rest-auth/-/arcgis-rest-auth-3.6.0.tgz",
      "integrity": "sha512-rr7Lv9HAmwTI8UnDGQer5mt1S4LlgTKyD9loQ6WqXn/wdo2y29pUVTWafcOejftnidfZxkkKOhZ/eh7YCKGmZg==",
      "dev": true,
      "dependencies": {
        "@esri/arcgis-rest-types": "^3.6.0",
        "tslib": "^1.13.0"
      },
      "peerDependencies": {
        "@esri/arcgis-rest-request": "^3.0.0"
      }
    },
    "node_modules/@esri/arcgis-rest-feature-layer": {
      "version": "3.6.0",
      "resolved": "https://registry.npmjs.org/@esri/arcgis-rest-feature-layer/-/arcgis-rest-feature-layer-3.6.0.tgz",
      "integrity": "sha512-a5BywhJpqzpJIszrXZNDcKdRt9fqGXc/Y60TqS/mVVg0tJIu5Q4VpQQzK4cMkP3D3tFmj7VB2xLBWAzpH7aYVA==",
      "dev": true,
      "dependencies": {
        "@esri/arcgis-rest-types": "^3.6.0",
        "tslib": "^1.13.0"
      },
      "peerDependencies": {
        "@esri/arcgis-rest-auth": "^3.0.0",
        "@esri/arcgis-rest-request": "^3.0.0"
      }
    },
    "node_modules/@esri/arcgis-rest-portal": {
      "version": "3.6.0",
      "resolved": "https://registry.npmjs.org/@esri/arcgis-rest-portal/-/arcgis-rest-portal-3.6.0.tgz",
      "integrity": "sha512-TPLcbQn+PfKqGlkCvlDYs2AQs7KdTKnM17AhGytnQkqYamNlhkZMAlgC4qq5/H7URTIqlQx52fx/OOfTfO0ABw==",
      "dev": true,
      "dependencies": {
        "@esri/arcgis-rest-types": "^3.6.0",
        "tslib": "^1.13.0"
      },
      "peerDependencies": {
        "@esri/arcgis-rest-auth": "^3.0.0",
        "@esri/arcgis-rest-request": "^3.0.0"
      }
    },
    "node_modules/@esri/arcgis-rest-request": {
      "version": "3.6.0",
      "resolved": "https://registry.npmjs.org/@esri/arcgis-rest-request/-/arcgis-rest-request-3.6.0.tgz",
      "integrity": "sha512-JDFx1ZjheFUfW/YXWQ0DwxgIwPdQFBtIl5+Bvee4cyCmhxpO1/b82tv7nOLRMnMYBkC2aKRCgpAwkecaJZDpdw==",
      "dev": true,
      "dependencies": {
        "tslib": "^1.10.0"
      }
    },
    "node_modules/@esri/arcgis-rest-types": {
      "version": "3.6.0",
      "resolved": "https://registry.npmjs.org/@esri/arcgis-rest-types/-/arcgis-rest-types-3.6.0.tgz",
      "integrity": "sha512-t6QWdVNmqB9OloYAvVWYNjvqlnrXs/m0nCRNwPGt3ZiAPXn5CpkpSn2UD6LPqGp6vPxKG81lbFQvwCw9az4qIg==",
      "dev": true
    },
    "node_modules/@esri/calcite-components": {
      "version": "1.0.5",
      "resolved": "https://registry.npmjs.org/@esri/calcite-components/-/calcite-components-1.0.5.tgz",
      "integrity": "sha512-Bs2rihZHeuS6CD0eQQ7TA8KiJKFfMh5VHqZ8Zocd0WMnUGZs6a3H9v6w7WVAd9i6E9Ji8p3WO8iz9XS9j+WYNA==",
      "dev": true,
      "dependencies": {
        "@floating-ui/dom": "1.1.0",
        "@stencil/core": "2.20.0",
        "@types/color": "3.0.3",
        "color": "4.2.3",
        "focus-trap": "7.2.0",
        "form-request-submit-polyfill": "2.0.0",
        "lodash-es": "4.17.21",
        "sortablejs": "1.15.0"
      }
    },
    "node_modules/@esri/calcite-components/node_modules/@stencil/core": {
      "version": "2.20.0",
      "resolved": "https://registry.npmjs.org/@stencil/core/-/core-2.20.0.tgz",
      "integrity": "sha512-ka+eOW+dNteXIfLCRipNbbAlBEQjqJ2fkx3fxzlKgnNHEQMdZiuIjlWt63KzvOJStNeuADdQXo89BB1dC2VRUw==",
      "dev": true,
      "bin": {
        "stencil": "bin/stencil"
      },
      "engines": {
        "node": ">=12.10.0",
        "npm": ">=6.0.0"
      }
    },
    "node_modules/@esri/calcite-ui-icons": {
      "version": "3.21.2",
      "resolved": "https://registry.npmjs.org/@esri/calcite-ui-icons/-/calcite-ui-icons-3.21.2.tgz",
      "integrity": "sha512-iEEgF6xresx9S8DD6TkYUMHyxKQuHQvvZumbeg/cPbH7TCknXfQbtxvE7hnBcnv6StBUDmThc/5jdqARi0dgeg==",
      "dev": true,
      "bin": {
        "spriter": "bin/spriter.js"
      }
    },
    "node_modules/@esri/hub-common": {
      "version": "12.6.1",
      "resolved": "https://registry.npmjs.org/@esri/hub-common/-/hub-common-12.6.1.tgz",
      "integrity": "sha512-to6goP+qKFtuSUXgNCFdFFG+2e/mKccZEgVECcXTBLZF8GISDr11hZIeyc9FbZz9tyoI947FNO79xlzUTaytLA==",
      "dependencies": {
        "abab": "^2.0.5",
        "adlib": "^3.0.8",
        "ajv": "^6.12.6",
        "fast-xml-parser": "^3.21.0",
        "json-schema-typed": "^7.0.3",
        "jsonapi-typescript": "^0.1.3",
        "tslib": "^1.13.0"
      },
      "peerDependencies": {
        "@esri/arcgis-rest-auth": "^2.14.0 || 3",
        "@esri/arcgis-rest-feature-layer": "^3.2.0",
        "@esri/arcgis-rest-portal": "^2.18.0 || 3",
        "@esri/arcgis-rest-request": "^2.14.0 || 3",
        "@esri/arcgis-rest-types": "^2.15.0 || 3"
      }
    },
    "node_modules/@esri/hub-components": {
      "version": "4.1.2",
      "resolved": "https://registry.npmjs.org/@esri/hub-components/-/hub-components-4.1.2.tgz",
      "integrity": "sha512-QGBWsWLwEHSznW6ruXJOnuVxqjDuF0Gx+yMt/VZ9kZF9iLH4m9RS1ZBkh6mOxxVSc+820Jbbq0xsnOraaAwY/w==",
      "dev": true,
      "dependencies": {
        "@esri/arcgis-html-sanitizer": "^2.9.0",
        "@esri/calcite-components": "1.0.0-beta.86",
        "@esri/calcite-ui-icons": "^3.18.3",
        "@esri/telemetry-dictionary-hub": "^2.30.0",
        "@esri/telemetry-reporting-client": "^3.2.1",
        "@formatjs/intl": "^1.15.0",
        "@stencil/core": "2.17.0",
        "@types/arcgis-js-api": "^4.21.0",
        "ajv": "^6.12.6",
        "date-fns": "^2.15.0",
        "eventemitter3": "^4.0.4",
        "json-pointer": "^0.6.2",
        "json-schema-typed": "^7.0.3",
        "linkify-html": "^3.0.5",
        "linkifyjs": "^3.0.5"
      },
      "peerDependencies": {
        "@esri/arcgis-rest-auth": "^2.21.0 || 3",
        "@esri/arcgis-rest-feature-layer": "^2.21.0 || 3",
        "@esri/arcgis-rest-portal": "^2.21.0 || 3",
        "@esri/arcgis-rest-request": "^2.21.0 || 3",
        "@esri/hub-common": "^10.1.0 || 11",
        "@esri/hub-discussions": "^12.0.0 || 13",
        "@esri/hub-downloads": "^10.0.0 || 11",
        "@esri/hub-events": "^10.0.0 || 11",
        "@esri/hub-teams": "^10.0.0 || 11",
        "esri-loader": "^3.0.0"
      }
    },
    "node_modules/@esri/hub-components/node_modules/@esri/calcite-components": {
      "version": "1.0.0-beta.86",
      "resolved": "https://registry.npmjs.org/@esri/calcite-components/-/calcite-components-1.0.0-beta.86.tgz",
      "integrity": "sha512-X6vvIMOY00OWGJZ+CGdHRH1ng8oHWESMafr6/fQtOnRuynXcE7YiCGAFRSbM4qZOnDq+n7FEduGuV3FLqAV71g==",
      "dev": true,
      "dependencies": {
        "@a11y/focus-trap": "1.0.5",
        "@popperjs/core": "2.11.5",
        "@stencil/core": "2.16.1",
        "@types/color": "3.0.3",
        "color": "4.2.3",
        "form-request-submit-polyfill": "2.0.0",
        "lodash-es": "4.17.21",
        "sortablejs": "1.15.0"
      }
    },
    "node_modules/@esri/hub-components/node_modules/@esri/calcite-components/node_modules/@stencil/core": {
      "version": "2.16.1",
      "resolved": "https://registry.npmjs.org/@stencil/core/-/core-2.16.1.tgz",
      "integrity": "sha512-s/UJp9qxExL3DyQPT70kiuWeb3AdjbUZM+5lEIXn30I2DLcLYPOPXfsoWJODieQywq+3vPiLZeIdkoqjf6jcSw==",
      "dev": true,
      "bin": {
        "stencil": "bin/stencil"
      },
      "engines": {
        "node": ">=12.10.0",
        "npm": ">=6.0.0"
      }
    },
    "node_modules/@esri/hub-components/node_modules/@stencil/core": {
      "version": "2.17.0",
      "resolved": "https://registry.npmjs.org/@stencil/core/-/core-2.17.0.tgz",
      "integrity": "sha512-KJJH097K2TJlJWj2LANWO0yXCidxOpv1L2MmtYqFxE443t75fxOhtKBZq6zebDaZj2DFGlUtV4pcM/uapfd8TQ==",
      "dev": true,
      "bin": {
        "stencil": "bin/stencil"
      },
      "engines": {
        "node": ">=12.10.0",
        "npm": ">=6.0.0"
      }
    },
    "node_modules/@esri/hub-discussions": {
      "version": "19.5.1",
      "resolved": "https://registry.npmjs.org/@esri/hub-discussions/-/hub-discussions-19.5.1.tgz",
      "integrity": "sha512-tuphHrI/TgAyWRJj1gnGM764GH6f4wG133n7JR7NGN6n8w/H+px6a/IYfP62JuPgqSQaAKZLrjddiiKLuKJqPQ==",
      "dependencies": {
        "tslib": "^1.13.0"
      },
      "peerDependencies": {
        "@esri/arcgis-rest-auth": "^2.14.0 || 3",
        "@esri/arcgis-rest-request": "^2.14.0 || 3",
        "@esri/hub-common": "^12.4.0"
      }
    },
    "node_modules/@esri/hub-events": {
      "version": "12.4.1",
      "resolved": "https://registry.npmjs.org/@esri/hub-events/-/hub-events-12.4.1.tgz",
      "integrity": "sha512-DJo9mgfMt5ACAnf5Q2i70Dj6xlZewXDhdCQFCyOkveFKdZi9bF4CMTyOxPWbLjcf61z6zHHIwp4CvfAt3h09Sg==",
      "dependencies": {
        "tslib": "^1.13.0"
      },
      "peerDependencies": {
        "@esri/arcgis-rest-auth": "^2.13.0 || 3",
        "@esri/arcgis-rest-feature-layer": "^2.13.0 || 3",
        "@esri/arcgis-rest-portal": "^2.15.0 || 3",
        "@esri/arcgis-rest-request": "^2.13.0 || 3",
        "@esri/arcgis-rest-types": "^2.13.0 || 3",
        "@esri/hub-common": "^12.4.0"
      }
    },
    "node_modules/@esri/hub-initiatives": {
      "version": "9.49.2",
      "resolved": "https://registry.npmjs.org/@esri/hub-initiatives/-/hub-initiatives-9.49.2.tgz",
      "integrity": "sha512-G0QCbMWKY6+rh7FyZ+JyfaJ8kVyKz9ZYVmjN11HSYIsvebNt9jzK4ZqXC3QRwnLY4OVDXN88CD35JSdIy/J5UQ==",
      "dev": true,
      "dependencies": {
        "tslib": "^1.13.0"
      },
      "peerDependencies": {
        "@esri/arcgis-rest-auth": "^2.13.0 || 3",
        "@esri/arcgis-rest-portal": "^2.13.0 || 3",
        "@esri/arcgis-rest-request": "^2.13.0 || 3",
        "@esri/hub-common": "9.49.2"
      }
    },
    "node_modules/@esri/hub-sites": {
      "version": "9.50.3",
      "resolved": "https://registry.npmjs.org/@esri/hub-sites/-/hub-sites-9.50.3.tgz",
      "integrity": "sha512-Y6FcluqCVGZjZ5hYt3d9wx86vuGPxvzE3Pf4TmoamEUHqKflnSSGLPwpJra3TYhyzYTKzpMMEP+KOS7CXuioWg==",
      "dev": true,
      "dependencies": {
        "tslib": "^1.13.0"
      },
      "peerDependencies": {
        "@esri/arcgis-rest-auth": "^2.13.0 || 3",
        "@esri/arcgis-rest-portal": "^2.19.0 || 3",
        "@esri/arcgis-rest-request": "^2.13.0 || 3",
        "@esri/hub-common": "9.49.2",
        "@esri/hub-initiatives": "9.49.2",
        "@esri/hub-teams": "9.49.3"
      }
    },
    "node_modules/@esri/hub-teams": {
      "version": "9.49.3",
      "resolved": "https://registry.npmjs.org/@esri/hub-teams/-/hub-teams-9.49.3.tgz",
      "integrity": "sha512-NAnbYCwjvuSGT/JJhpwiDqKOQ1MPMhGsGmmOpWK9rFjJ4m6zvOnlm/Mw8OT18CeiskU3T1r3yC4XTy/YhaGCZg==",
      "dev": true,
      "dependencies": {
        "tslib": "^1.13.0"
      },
      "peerDependencies": {
        "@esri/arcgis-rest-auth": "^2.13.0 || 3",
        "@esri/arcgis-rest-portal": "^2.15.0 || 3",
        "@esri/arcgis-rest-request": "^2.13.0 || 3",
        "@esri/arcgis-rest-types": "^2.13.0 || 3",
        "@esri/hub-common": "9.49.2"
      }
    },
    "node_modules/@esri/telemetry-dictionary-common": {
      "version": "2.0.0",
      "resolved": "https://registry.npmjs.org/@esri/telemetry-dictionary-common/-/telemetry-dictionary-common-2.0.0.tgz",
      "integrity": "sha512-6jCpW+KNzWpIsZByodSiFQ53o3m/UF5Tr03TNk+8lU2sV4LKtd1Igy9Utumq+lQDupCR6I5n3E3u10nPlvuwrQ==",
      "dev": true
    },
    "node_modules/@esri/telemetry-dictionary-hub": {
      "version": "2.41.0",
      "resolved": "https://registry.npmjs.org/@esri/telemetry-dictionary-hub/-/telemetry-dictionary-hub-2.41.0.tgz",
      "integrity": "sha512-TA9EP6HO8tkG4I4eWhG6Qy7Q14Im0DWGV/4uog1lxck7KfULI8VSyr4dzJtgLdEaW1Dqm0D7M4vz3Gh83ydXTA==",
      "dev": true,
      "dependencies": {
        "@esri/telemetry-dictionary-common": "^2.0.0"
      }
    },
    "node_modules/@esri/telemetry-reporting-client": {
      "version": "3.2.1",
      "resolved": "https://registry.npmjs.org/@esri/telemetry-reporting-client/-/telemetry-reporting-client-3.2.1.tgz",
      "integrity": "sha512-uxzt3Cf7dr7lbjTy4sjZXhRnsOOTGezcZAWIoJPg0GzvobKlBDO0EIyyiVdrpcr86D0agEg0631ozMNH+piwMA==",
      "dev": true,
      "dependencies": {
        "@esri/arcgis-rest-auth": "^3.4.3",
        "@esri/arcgis-rest-feature-layer": "^3.4.3",
        "@esri/arcgis-rest-portal": "^3.4.3",
        "@esri/arcgis-rest-request": "^3.4.3",
        "@esri/arcgis-rest-types": "^3.4.3",
        "@esri/hub-common": "^9.26.1",
        "@esri/hub-initiatives": "^9.26.1",
        "@esri/hub-sites": "^9.26.1",
        "@esri/hub-teams": "^9.26.1",
        "isomorphic-fetch": "^3.0.0",
        "isomorphic-form-data": "^2.0.0"
      },
      "engines": {
        "node": ">=10"
      }
    },
    "node_modules/@esri/telemetry-reporting-client/node_modules/@esri/hub-common": {
      "version": "9.49.2",
      "resolved": "https://registry.npmjs.org/@esri/hub-common/-/hub-common-9.49.2.tgz",
      "integrity": "sha512-4aRH6ij8rPqIwqfKkOvrK7b4DVNSSor7q1OhSJhMLj1HOEk9IWspuwOLzzO3RxiDczUnQA1GhABgs9HODWWT5g==",
      "dev": true,
      "dependencies": {
        "abab": "^2.0.5",
        "adlib": "^3.0.7",
        "fast-xml-parser": "^3.21.0",
        "jsonapi-typescript": "^0.1.3",
        "tslib": "^1.13.0"
      },
      "peerDependencies": {
        "@esri/arcgis-rest-auth": "^2.14.0 || 3",
        "@esri/arcgis-rest-feature-layer": "^3.2.0",
        "@esri/arcgis-rest-portal": "^2.18.0 || 3",
        "@esri/arcgis-rest-request": "^2.14.0 || 3",
        "@esri/arcgis-rest-types": "^2.15.0 || 3"
      }
    },
    "node_modules/@floating-ui/core": {
      "version": "1.2.0",
      "resolved": "https://registry.npmjs.org/@floating-ui/core/-/core-1.2.0.tgz",
      "integrity": "sha512-GHUXPEhMEmTpnpIfesFA2KAoMJPb1SPQw964tToQwt+BbGXdhqTCWT1rOb0VURGylsxsYxiGMnseJ3IlclVpVA==",
      "dev": true
    },
    "node_modules/@floating-ui/dom": {
      "version": "1.1.0",
      "resolved": "https://registry.npmjs.org/@floating-ui/dom/-/dom-1.1.0.tgz",
      "integrity": "sha512-TSogMPVxbRe77QCj1dt8NmRiJasPvuc+eT5jnJ6YpLqgOD2zXc5UA3S1qwybN+GVCDNdKfpKy1oj8RpzLJvh6A==",
      "dev": true,
      "dependencies": {
        "@floating-ui/core": "^1.0.5"
      }
    },
    "node_modules/@formatjs/ecma402-abstract": {
      "version": "1.11.3",
      "resolved": "https://registry.npmjs.org/@formatjs/ecma402-abstract/-/ecma402-abstract-1.11.3.tgz",
      "integrity": "sha512-kP/Buv5vVFMAYLHNvvUzr0lwRTU0u2WTy44Tqwku1X3C3lJ5dKqDCYVqA8wL+Y19Bq+MwHgxqd5FZJRCIsLRyQ==",
      "dev": true,
      "dependencies": {
        "@formatjs/intl-localematcher": "0.2.24",
        "tslib": "^2.1.0"
      }
    },
    "node_modules/@formatjs/ecma402-abstract/node_modules/tslib": {
      "version": "2.5.0",
      "resolved": "https://registry.npmjs.org/tslib/-/tslib-2.5.0.tgz",
      "integrity": "sha512-336iVw3rtn2BUK7ORdIAHTyxHGRIHVReokCR3XjbckJMK7ms8FysBfhLR8IXnAgy7T0PTPNBWKiH514FOW/WSg==",
      "dev": true
    },
    "node_modules/@formatjs/fast-memoize": {
      "version": "1.2.1",
      "resolved": "https://registry.npmjs.org/@formatjs/fast-memoize/-/fast-memoize-1.2.1.tgz",
      "integrity": "sha512-Rg0e76nomkz3vF9IPlKeV+Qynok0r7YZjL6syLz4/urSg0IbjPZCB/iYUMNsYA643gh4mgrX3T7KEIFIxJBQeg==",
      "dev": true,
      "dependencies": {
        "tslib": "^2.1.0"
      }
    },
    "node_modules/@formatjs/fast-memoize/node_modules/tslib": {
      "version": "2.5.0",
      "resolved": "https://registry.npmjs.org/tslib/-/tslib-2.5.0.tgz",
      "integrity": "sha512-336iVw3rtn2BUK7ORdIAHTyxHGRIHVReokCR3XjbckJMK7ms8FysBfhLR8IXnAgy7T0PTPNBWKiH514FOW/WSg==",
      "dev": true
    },
    "node_modules/@formatjs/icu-messageformat-parser": {
      "version": "2.0.18",
      "resolved": "https://registry.npmjs.org/@formatjs/icu-messageformat-parser/-/icu-messageformat-parser-2.0.18.tgz",
      "integrity": "sha512-vquIzsAJJmZ5jWVH8dEgUKcbG4yu3KqtyPet+q35SW5reLOvblkfeCXTRW2TpIwNXzdVqsJBwjbTiRiSU9JxwQ==",
      "dev": true,
      "dependencies": {
        "@formatjs/ecma402-abstract": "1.11.3",
        "@formatjs/icu-skeleton-parser": "1.3.5",
        "tslib": "^2.1.0"
      }
    },
    "node_modules/@formatjs/icu-messageformat-parser/node_modules/tslib": {
      "version": "2.5.0",
      "resolved": "https://registry.npmjs.org/tslib/-/tslib-2.5.0.tgz",
      "integrity": "sha512-336iVw3rtn2BUK7ORdIAHTyxHGRIHVReokCR3XjbckJMK7ms8FysBfhLR8IXnAgy7T0PTPNBWKiH514FOW/WSg==",
      "dev": true
    },
    "node_modules/@formatjs/icu-skeleton-parser": {
      "version": "1.3.5",
      "resolved": "https://registry.npmjs.org/@formatjs/icu-skeleton-parser/-/icu-skeleton-parser-1.3.5.tgz",
      "integrity": "sha512-Nhyo2/6kG7ZfgeEfo02sxviOuBcvtzH6SYUharj3DLCDJH3A/4OxkKcmx/2PWGX4bc6iSieh+FA94CsKDxnZBQ==",
      "dev": true,
      "dependencies": {
        "@formatjs/ecma402-abstract": "1.11.3",
        "tslib": "^2.1.0"
      }
    },
    "node_modules/@formatjs/icu-skeleton-parser/node_modules/tslib": {
      "version": "2.5.0",
      "resolved": "https://registry.npmjs.org/tslib/-/tslib-2.5.0.tgz",
      "integrity": "sha512-336iVw3rtn2BUK7ORdIAHTyxHGRIHVReokCR3XjbckJMK7ms8FysBfhLR8IXnAgy7T0PTPNBWKiH514FOW/WSg==",
      "dev": true
    },
    "node_modules/@formatjs/intl": {
      "version": "1.18.5",
      "resolved": "https://registry.npmjs.org/@formatjs/intl/-/intl-1.18.5.tgz",
      "integrity": "sha512-5jiC7neCMXMAa/uQU68plY3vxQqtDjiFPkvc6fEuCmNoVZkIya9uMG8uqM2Z0BOX6xg0K1ohHuj+VLHDDx1fEw==",
      "dev": true,
      "dependencies": {
        "@formatjs/ecma402-abstract": "1.11.3",
        "@formatjs/fast-memoize": "1.2.1",
        "@formatjs/icu-messageformat-parser": "2.0.18",
        "@formatjs/intl-displaynames": "5.4.2",
        "@formatjs/intl-listformat": "6.5.2",
        "intl-messageformat": "9.11.4",
        "tslib": "^2.1.0"
      },
      "peerDependencies": {
        "typescript": "^4.5"
      },
      "peerDependenciesMeta": {
        "typescript": {
          "optional": true
        }
      }
    },
    "node_modules/@formatjs/intl-displaynames": {
      "version": "5.4.2",
      "resolved": "https://registry.npmjs.org/@formatjs/intl-displaynames/-/intl-displaynames-5.4.2.tgz",
      "integrity": "sha512-SLesCDan9NCMqBbHPXMEwqAcPn3tnbQw0sv0rssH1JQDLDUQYwKXL93kz30X3yskTyQS7N+pd47bhoIe3kbXyw==",
      "dev": true,
      "dependencies": {
        "@formatjs/ecma402-abstract": "1.11.3",
        "@formatjs/intl-localematcher": "0.2.24",
        "tslib": "^2.1.0"
      }
    },
    "node_modules/@formatjs/intl-displaynames/node_modules/tslib": {
      "version": "2.5.0",
      "resolved": "https://registry.npmjs.org/tslib/-/tslib-2.5.0.tgz",
      "integrity": "sha512-336iVw3rtn2BUK7ORdIAHTyxHGRIHVReokCR3XjbckJMK7ms8FysBfhLR8IXnAgy7T0PTPNBWKiH514FOW/WSg==",
      "dev": true
    },
    "node_modules/@formatjs/intl-listformat": {
      "version": "6.5.2",
      "resolved": "https://registry.npmjs.org/@formatjs/intl-listformat/-/intl-listformat-6.5.2.tgz",
      "integrity": "sha512-/IYagQJkzTvpBlhhaysGYNgM3o72WBg1ZWZcpookkgXEJbINwLP5kVagHxmgxffYKs1CDzQ8rmKHghu2qR/7zw==",
      "dev": true,
      "dependencies": {
        "@formatjs/ecma402-abstract": "1.11.3",
        "@formatjs/intl-localematcher": "0.2.24",
        "tslib": "^2.1.0"
      }
    },
    "node_modules/@formatjs/intl-listformat/node_modules/tslib": {
      "version": "2.5.0",
      "resolved": "https://registry.npmjs.org/tslib/-/tslib-2.5.0.tgz",
      "integrity": "sha512-336iVw3rtn2BUK7ORdIAHTyxHGRIHVReokCR3XjbckJMK7ms8FysBfhLR8IXnAgy7T0PTPNBWKiH514FOW/WSg==",
      "dev": true
    },
    "node_modules/@formatjs/intl-localematcher": {
      "version": "0.2.24",
      "resolved": "https://registry.npmjs.org/@formatjs/intl-localematcher/-/intl-localematcher-0.2.24.tgz",
      "integrity": "sha512-K/HRGo6EMnCbhpth/y3u4rW4aXkmQNqRe1L2G+Y5jNr3v0gYhvaucV8WixNju/INAMbPBlbsRBRo/nfjnoOnxQ==",
      "dev": true,
      "dependencies": {
        "tslib": "^2.1.0"
      }
    },
    "node_modules/@formatjs/intl-localematcher/node_modules/tslib": {
      "version": "2.5.0",
      "resolved": "https://registry.npmjs.org/tslib/-/tslib-2.5.0.tgz",
      "integrity": "sha512-336iVw3rtn2BUK7ORdIAHTyxHGRIHVReokCR3XjbckJMK7ms8FysBfhLR8IXnAgy7T0PTPNBWKiH514FOW/WSg==",
      "dev": true
    },
    "node_modules/@formatjs/intl/node_modules/tslib": {
      "version": "2.5.0",
      "resolved": "https://registry.npmjs.org/tslib/-/tslib-2.5.0.tgz",
      "integrity": "sha512-336iVw3rtn2BUK7ORdIAHTyxHGRIHVReokCR3XjbckJMK7ms8FysBfhLR8IXnAgy7T0PTPNBWKiH514FOW/WSg==",
      "dev": true
    },
    "node_modules/@popperjs/core": {
      "version": "2.11.5",
      "resolved": "https://registry.npmjs.org/@popperjs/core/-/core-2.11.5.tgz",
      "integrity": "sha512-9X2obfABZuDVLCgPK9aX0a/x4jaOEweTTWE2+9sr0Qqqevj2Uv5XorvusThmc9XGYpS9yI+fhh8RTafBtGposw==",
      "dev": true,
      "funding": {
        "type": "opencollective",
        "url": "https://opencollective.com/popperjs"
      }
    },
    "node_modules/@stencil/core": {
      "version": "2.22.2",
      "resolved": "https://registry.npmjs.org/@stencil/core/-/core-2.22.2.tgz",
      "integrity": "sha512-r+vbxsGNcBaV1VDOYW25lv4QfXTlNoIb5GpUX7rZ+cr59yqYCZC5tlV+IzX6YgHKW62ulCc9M3RYtTfHtNbNNw==",
      "bin": {
        "stencil": "bin/stencil"
      },
      "engines": {
        "node": ">=12.10.0",
        "npm": ">=6.0.0"
      }
    },
    "node_modules/@stencil/sass": {
      "version": "2.0.3",
      "resolved": "https://registry.npmjs.org/@stencil/sass/-/sass-2.0.3.tgz",
      "integrity": "sha512-ypS+0f6bJH2qXqrNAHirlYOWFax+qKKOIePLs7cu4LfKFr4ZVJSGRFBdgaeRrZMUhJWnhjV6io2uDldhrQhnMg==",
      "dev": true,
      "peerDependencies": {
        "@stencil/core": ">=2.0.0 || >=3.0.0-beta.0"
      }
    },
    "node_modules/@stencil/store": {
      "version": "2.0.3",
      "resolved": "https://registry.npmjs.org/@stencil/store/-/store-2.0.3.tgz",
      "integrity": "sha512-45SkXtVXaYMo3itvfUleKjQr8BNowi6b0i1jHCx8O2UXJag5myvstjf4uIxkW6IscV92VzLrpIXUFvbJJKa7DA==",
      "dev": true,
      "peerDependencies": {
        "@stencil/core": ">=2.0.0"
      }
    },
    "node_modules/@types/arcgis-js-api": {
      "version": "4.25.0",
      "resolved": "https://registry.npmjs.org/@types/arcgis-js-api/-/arcgis-js-api-4.25.0.tgz",
      "integrity": "sha512-bXm03oiGgT0GSqK3CN59Qr2v7lJlsDrwr6NuvM6oWk9gBN10YF6xB3fGvSuqOpgSMVPj7P3FQQToE5qswv2Veg==",
      "dev": true
    },
    "node_modules/@types/color": {
      "version": "3.0.3",
      "resolved": "https://registry.npmjs.org/@types/color/-/color-3.0.3.tgz",
      "integrity": "sha512-X//qzJ3d3Zj82J9sC/C18ZY5f43utPbAJ6PhYt/M7uG6etcF6MRpKdN880KBy43B0BMzSfeT96MzrsNjFI3GbA==",
      "dev": true,
      "dependencies": {
        "@types/color-convert": "*"
      }
    },
    "node_modules/@types/color-convert": {
      "version": "2.0.0",
      "resolved": "https://registry.npmjs.org/@types/color-convert/-/color-convert-2.0.0.tgz",
      "integrity": "sha512-m7GG7IKKGuJUXvkZ1qqG3ChccdIM/qBBo913z+Xft0nKCX4hAU/IxKwZBU4cpRZ7GS5kV4vOblUkILtSShCPXQ==",
      "dev": true,
      "dependencies": {
        "@types/color-name": "*"
      }
    },
    "node_modules/@types/color-name": {
      "version": "1.1.1",
      "resolved": "https://registry.npmjs.org/@types/color-name/-/color-name-1.1.1.tgz",
      "integrity": "sha512-rr+OQyAjxze7GgWrSaJwydHStIhHq2lvY3BOC2Mj7KnzI7XK0Uw1TOOdI9lDoajEbSWLiYgoo4f1R51erQfhPQ==",
      "dev": true
    },
    "node_modules/@types/geojson": {
      "version": "7946.0.10",
      "resolved": "https://registry.npmjs.org/@types/geojson/-/geojson-7946.0.10.tgz",
      "integrity": "sha512-Nmh0K3iWQJzniTuPRcJn5hxXkfB1T1pgB89SBig5PlJQU5yocazeu4jATJlaA0GYFKWMqDdvYemoSnF2pXgLVA==",
      "dev": true
    },
    "node_modules/@types/node": {
      "version": "18.14.0",
      "resolved": "https://registry.npmjs.org/@types/node/-/node-18.14.0.tgz",
      "integrity": "sha512-5EWrvLmglK+imbCJY0+INViFWUHg1AHel1sq4ZVSfdcNqGy9Edv3UB9IIzzg+xPaUcAgZYcfVs2fBcwDeZzU0A=="
    },
    "node_modules/abab": {
      "version": "2.0.6",
      "resolved": "https://registry.npmjs.org/abab/-/abab-2.0.6.tgz",
      "integrity": "sha512-j2afSsaIENvHZN2B8GOpF566vZ5WVk5opAiMTvWgaQT8DkbOqsTfvNAvHoRGU2zzP8cPoqys+xHTRDWW8L+/BA=="
    },
    "node_modules/adlib": {
      "version": "3.0.8",
      "resolved": "https://registry.npmjs.org/adlib/-/adlib-3.0.8.tgz",
      "integrity": "sha512-CbQ+mcm45pdDN0aAiGYP6FZWDor+BM4DbqJsrUptM79a2+FbiP8QdF0xHABbgCkioApKqg8lI33Gl6X8GFelfA==",
      "dependencies": {
        "esm": "^3.2.25"
      }
    },
    "node_modules/ajv": {
      "version": "6.12.6",
      "resolved": "https://registry.npmjs.org/ajv/-/ajv-6.12.6.tgz",
      "integrity": "sha512-j3fVLgvTo527anyYyJOGTYJbG+vnnQYvE0m5mmkc1TK+nxAppkCLMIL0aZ4dblVCNoGShhm+kzE4ZUykBoMg4g==",
      "dependencies": {
        "fast-deep-equal": "^3.1.1",
        "fast-json-stable-stringify": "^2.0.0",
        "json-schema-traverse": "^0.4.1",
        "uri-js": "^4.2.2"
      },
      "funding": {
        "type": "github",
        "url": "https://github.com/sponsors/epoberezkin"
      }
    },
    "node_modules/asynckit": {
      "version": "0.4.0",
      "resolved": "https://registry.npmjs.org/asynckit/-/asynckit-0.4.0.tgz",
      "integrity": "sha512-Oei9OH4tRh0YqU3GxhX79dM/mwVgvbZJaSNaRk+bshkj0S5cfHcgYakreBjrHwatXKbz+IoIdYLxrKim2MjW0Q==",
      "dev": true
    },
    "node_modules/color": {
      "version": "4.2.3",
      "resolved": "https://registry.npmjs.org/color/-/color-4.2.3.tgz",
      "integrity": "sha512-1rXeuUUiGGrykh+CeBdu5Ie7OJwinCgQY0bc7GCRxy5xVHy+moaqkpL/jqQq0MtQOeYcrqEz4abc5f0KtU7W4A==",
      "dev": true,
      "dependencies": {
        "color-convert": "^2.0.1",
        "color-string": "^1.9.0"
      },
      "engines": {
        "node": ">=12.5.0"
      }
    },
    "node_modules/color-convert": {
      "version": "2.0.1",
      "resolved": "https://registry.npmjs.org/color-convert/-/color-convert-2.0.1.tgz",
      "integrity": "sha512-RRECPsj7iu/xb5oKYcsFHSppFNnsj/52OVTRKb4zP5onXwVF3zVmmToNcOfGC+CRDpfK/U584fMg38ZHCaElKQ==",
      "dev": true,
      "dependencies": {
        "color-name": "~1.1.4"
      },
      "engines": {
        "node": ">=7.0.0"
      }
    },
    "node_modules/color-name": {
      "version": "1.1.4",
      "resolved": "https://registry.npmjs.org/color-name/-/color-name-1.1.4.tgz",
      "integrity": "sha512-dOy+3AuW3a2wNbZHIuMZpTcgjGuLU/uBL/ubcZF9OXbDo8ff4O8yVp5Bf0efS8uEoYo5q4Fx7dY9OgQGXgAsQA==",
      "dev": true
    },
    "node_modules/color-string": {
      "version": "1.9.1",
      "resolved": "https://registry.npmjs.org/color-string/-/color-string-1.9.1.tgz",
      "integrity": "sha512-shrVawQFojnZv6xM40anx4CkoDP+fZsw/ZerEMsW/pyzsRbElpsL/DBVW7q3ExxwusdNXI3lXpuhEZkzs8p5Eg==",
      "dev": true,
      "dependencies": {
        "color-name": "^1.0.0",
        "simple-swizzle": "^0.2.2"
      }
    },
    "node_modules/combined-stream": {
      "version": "1.0.8",
      "resolved": "https://registry.npmjs.org/combined-stream/-/combined-stream-1.0.8.tgz",
      "integrity": "sha512-FQN4MRfuJeHf7cBbBMJFXhKSDq+2kAArBlmRBvcvFE5BB1HZKXtSFASDhdlz9zOYwxh8lDdnvmMOe/+5cdoEdg==",
      "dev": true,
      "dependencies": {
        "delayed-stream": "~1.0.0"
      },
      "engines": {
        "node": ">= 0.8"
      }
    },
    "node_modules/commander": {
      "version": "2.20.3",
      "resolved": "https://registry.npmjs.org/commander/-/commander-2.20.3.tgz",
      "integrity": "sha512-GpVkmM8vF2vQUkj2LvZmD35JxeJOLCwJ9cUkugyk2nuhbv3+mJvpLYYt+0+USMxE+oj+ey/lJEnhZw75x/OMcQ==",
      "dev": true
    },
    "node_modules/cssfilter": {
      "version": "0.0.10",
      "resolved": "https://registry.npmjs.org/cssfilter/-/cssfilter-0.0.10.tgz",
      "integrity": "sha512-FAaLDaplstoRsDR8XGYH51znUN0UY7nMc6Z9/fvE8EXGwvJE9hu7W2vHwx1+bd6gCYnln9nLbzxFTrcO9YQDZw==",
      "dev": true
    },
    "node_modules/date-fns": {
      "version": "2.29.3",
      "resolved": "https://registry.npmjs.org/date-fns/-/date-fns-2.29.3.tgz",
      "integrity": "sha512-dDCnyH2WnnKusqvZZ6+jA1O51Ibt8ZMRNkDZdyAyK4YfbDwa/cEmuztzG5pk6hqlp9aSBPYcjOlktquahGwGeA==",
      "dev": true,
      "engines": {
        "node": ">=0.11"
      },
      "funding": {
        "type": "opencollective",
        "url": "https://opencollective.com/date-fns"
      }
    },
    "node_modules/delayed-stream": {
      "version": "1.0.0",
      "resolved": "https://registry.npmjs.org/delayed-stream/-/delayed-stream-1.0.0.tgz",
      "integrity": "sha512-ZySD7Nf91aLB0RxL4KGrKHBXl7Eds1DAmEdcoVawXnLD7SDhpNgtuII2aAkg7a7QS41jxPSZ17p4VdGnMHk3MQ==",
      "dev": true,
      "engines": {
        "node": ">=0.4.0"
      }
    },
    "node_modules/esm": {
      "version": "3.2.25",
      "resolved": "https://registry.npmjs.org/esm/-/esm-3.2.25.tgz",
      "integrity": "sha512-U1suiZ2oDVWv4zPO56S0NcR5QriEahGtdN2OR6FiOG4WJvcjBVFB0qI4+eKoWFH483PKGuLuu6V8Z4T5g63UVA==",
      "engines": {
        "node": ">=6"
      }
    },
    "node_modules/esri-loader": {
      "version": "3.7.0",
      "resolved": "https://registry.npmjs.org/esri-loader/-/esri-loader-3.7.0.tgz",
      "integrity": "sha512-cB1Sw9EQjtW4mtT7eFBjn/6VaaIWNTjmTd2asnnEyuZk1xVSFRMCfLZSBSjZM7ZarDcVu5WIjOP0t0MYVu4hVQ=="
    },
    "node_modules/eventemitter3": {
      "version": "4.0.7",
      "resolved": "https://registry.npmjs.org/eventemitter3/-/eventemitter3-4.0.7.tgz",
      "integrity": "sha512-8guHBZCwKnFhYdHr2ysuRWErTwhoN2X8XELRlrRwpmfeY2jjuUN4taQMsULKUVo1K4DvZl+0pgfyoysHxvmvEw==",
      "dev": true
    },
    "node_modules/fast-deep-equal": {
      "version": "3.1.3",
      "resolved": "https://registry.npmjs.org/fast-deep-equal/-/fast-deep-equal-3.1.3.tgz",
      "integrity": "sha512-f3qQ9oQy9j2AhBe/H9VC91wLmKBCCU/gDOnKNAYG5hswO7BLKj09Hc5HYNz9cGI++xlpDCIgDaitVs03ATR84Q=="
    },
    "node_modules/fast-json-stable-stringify": {
      "version": "2.1.0",
      "resolved": "https://registry.npmjs.org/fast-json-stable-stringify/-/fast-json-stable-stringify-2.1.0.tgz",
      "integrity": "sha512-lhd/wF+Lk98HZoTCtlVraHtfh5XYijIjalXck7saUtuanSDyLMxnHhSXEDJqHxD7msR8D0uCmqlkwjCV8xvwHw=="
    },
    "node_modules/fast-xml-parser": {
      "version": "3.21.1",
      "resolved": "https://registry.npmjs.org/fast-xml-parser/-/fast-xml-parser-3.21.1.tgz",
      "integrity": "sha512-FTFVjYoBOZTJekiUsawGsSYV9QL0A+zDYCRj7y34IO6Jg+2IMYEtQa+bbictpdpV8dHxXywqU7C0gRDEOFtBFg==",
      "dependencies": {
        "strnum": "^1.0.4"
      },
      "bin": {
        "xml2js": "cli.js"
      },
      "funding": {
        "type": "paypal",
        "url": "https://paypal.me/naturalintelligence"
      }
    },
    "node_modules/focus-trap": {
      "version": "7.2.0",
      "resolved": "https://registry.npmjs.org/focus-trap/-/focus-trap-7.2.0.tgz",
      "integrity": "sha512-v4wY6HDDYvzkBy4735kW5BUEuw6Yz9ABqMYLuTNbzAFPcBOGiGHwwcNVMvUz4G0kgSYh13wa/7TG3XwTeT4O/A==",
      "dev": true,
      "dependencies": {
        "tabbable": "^6.0.1"
      }
    },
    "node_modules/foreach": {
      "version": "2.0.6",
      "resolved": "https://registry.npmjs.org/foreach/-/foreach-2.0.6.tgz",
      "integrity": "sha512-k6GAGDyqLe9JaebCsFCoudPPWfihKu8pylYXRlqP1J7ms39iPoTtk2fviNglIeQEwdh0bQeKJ01ZPyuyQvKzwg==",
      "dev": true
    },
    "node_modules/form-data": {
      "version": "2.5.1",
      "resolved": "https://registry.npmjs.org/form-data/-/form-data-2.5.1.tgz",
      "integrity": "sha512-m21N3WOmEEURgk6B9GLOE4RuWOFf28Lhh9qGYeNlGq4VDXUlJy2th2slBNU8Gp8EzloYZOibZJ7t5ecIrFSjVA==",
      "dev": true,
      "dependencies": {
        "asynckit": "^0.4.0",
        "combined-stream": "^1.0.6",
        "mime-types": "^2.1.12"
      },
      "engines": {
        "node": ">= 0.12"
      }
    },
    "node_modules/form-request-submit-polyfill": {
      "version": "2.0.0",
      "resolved": "https://registry.npmjs.org/form-request-submit-polyfill/-/form-request-submit-polyfill-2.0.0.tgz",
      "integrity": "sha512-p0+M92y2gFnP0AuuL8VJ0GYVzAT0bYp3GsSkmPFhvUopdnfDLP/9xplQTBBc4w8qOjKRzdK7GaFcdL9IhlXdTQ==",
      "dev": true
    },
    "node_modules/intl-messageformat": {
      "version": "9.11.4",
      "resolved": "https://registry.npmjs.org/intl-messageformat/-/intl-messageformat-9.11.4.tgz",
      "integrity": "sha512-77TSkNubIy/hsapz6LQpyR6OADcxhWdhSaboPb5flMaALCVkPvAIxr48AlPqaMl4r1anNcvR9rpLWVdwUY1IKg==",
      "dev": true,
      "dependencies": {
        "@formatjs/ecma402-abstract": "1.11.3",
        "@formatjs/fast-memoize": "1.2.1",
        "@formatjs/icu-messageformat-parser": "2.0.18",
        "tslib": "^2.1.0"
      }
    },
    "node_modules/intl-messageformat/node_modules/tslib": {
      "version": "2.5.0",
      "resolved": "https://registry.npmjs.org/tslib/-/tslib-2.5.0.tgz",
      "integrity": "sha512-336iVw3rtn2BUK7ORdIAHTyxHGRIHVReokCR3XjbckJMK7ms8FysBfhLR8IXnAgy7T0PTPNBWKiH514FOW/WSg==",
      "dev": true
    },
    "node_modules/is-arrayish": {
      "version": "0.3.2",
      "resolved": "https://registry.npmjs.org/is-arrayish/-/is-arrayish-0.3.2.tgz",
      "integrity": "sha512-eVRqCvVlZbuw3GrM63ovNSNAeA1K16kaR/LRY/92w0zxQ5/1YzwblUX652i4Xs9RwAGjW9d9y6X88t8OaAJfWQ==",
      "dev": true
    },
    "node_modules/isomorphic-fetch": {
      "version": "3.0.0",
      "resolved": "https://registry.npmjs.org/isomorphic-fetch/-/isomorphic-fetch-3.0.0.tgz",
      "integrity": "sha512-qvUtwJ3j6qwsF3jLxkZ72qCgjMysPzDfeV240JHiGZsANBYd+EEuu35v7dfrJ9Up0Ak07D7GGSkGhCHTqg/5wA==",
      "dev": true,
      "dependencies": {
        "node-fetch": "^2.6.1",
        "whatwg-fetch": "^3.4.1"
      }
    },
    "node_modules/isomorphic-form-data": {
      "version": "2.0.0",
      "resolved": "https://registry.npmjs.org/isomorphic-form-data/-/isomorphic-form-data-2.0.0.tgz",
      "integrity": "sha512-TYgVnXWeESVmQSg4GLVbalmQ+B4NPi/H4eWxqALKj63KsUrcu301YDjBqaOw3h+cbak7Na4Xyps3BiptHtxTfg==",
      "dev": true,
      "dependencies": {
        "form-data": "^2.3.2"
      }
    },
    "node_modules/json-pointer": {
      "version": "0.6.2",
      "resolved": "https://registry.npmjs.org/json-pointer/-/json-pointer-0.6.2.tgz",
      "integrity": "sha512-vLWcKbOaXlO+jvRy4qNd+TI1QUPZzfJj1tpJ3vAXDych5XJf93ftpUKe5pKCrzyIIwgBJcOcCVRUfqQP25afBw==",
      "dev": true,
      "dependencies": {
        "foreach": "^2.0.4"
      }
    },
    "node_modules/json-schema-traverse": {
      "version": "0.4.1",
      "resolved": "https://registry.npmjs.org/json-schema-traverse/-/json-schema-traverse-0.4.1.tgz",
      "integrity": "sha512-xbbCH5dCYU5T8LcEhhuh7HJ88HXuW3qsI3Y0zOZFKfZEHcpWiHU/Jxzk629Brsab/mMiHQti9wMP+845RPe3Vg=="
    },
    "node_modules/json-schema-typed": {
      "version": "7.0.3",
      "resolved": "https://registry.npmjs.org/json-schema-typed/-/json-schema-typed-7.0.3.tgz",
      "integrity": "sha512-7DE8mpG+/fVw+dTpjbxnx47TaMnDfOI1jwft9g1VybltZCduyRQPJPvc+zzKY9WPHxhPWczyFuYa6I8Mw4iU5A=="
    },
    "node_modules/json-typescript": {
      "version": "1.1.2",
      "resolved": "https://registry.npmjs.org/json-typescript/-/json-typescript-1.1.2.tgz",
      "integrity": "sha512-Np07MUsYMKbB0nNlw/MMIRjUK7ehO48LA4FsrzrhCfTUxMKbvOBAo0sc0b4nQ80ge9d32sModCunCgoyUojgUA=="
    },
    "node_modules/jsonapi-typescript": {
      "version": "0.1.3",
      "resolved": "https://registry.npmjs.org/jsonapi-typescript/-/jsonapi-typescript-0.1.3.tgz",
      "integrity": "sha512-uPcPS01GeM+4HIyn18s7l1yD2S3uLZy2TX1UkQffCM0bLb3TMwudXUyVXPHTMZ4vdZT8MqKqN2vjB5PogTAdFQ==",
      "dependencies": {
        "json-typescript": "^1.0.0"
      }
    },
    "node_modules/linkify-html": {
      "version": "3.0.5",
      "resolved": "https://registry.npmjs.org/linkify-html/-/linkify-html-3.0.5.tgz",
      "integrity": "sha512-3O7HEYjkugX+C/G2C2wyBmIt8Mt0pmeaHNIxRHodCFeQQeSxSoZHR+5hC1pi0WrmoEvfnSemyZyYTM8w3lo9cA==",
      "dev": true,
      "peerDependencies": {
        "linkifyjs": "^3.0.0"
      }
    },
    "node_modules/linkifyjs": {
      "version": "3.0.5",
      "resolved": "https://registry.npmjs.org/linkifyjs/-/linkifyjs-3.0.5.tgz",
      "integrity": "sha512-1Y9XQH65eQKA9p2xtk+zxvnTeQBG7rdAXSkUG97DmuI/Xhji9uaUzaWxRj6rf9YC0v8KKHkxav7tnLX82Sz5Fg==",
      "dev": true
    },
    "node_modules/lodash-es": {
      "version": "4.17.21",
      "resolved": "https://registry.npmjs.org/lodash-es/-/lodash-es-4.17.21.tgz",
      "integrity": "sha512-mKnC+QJ9pWVzv+C4/U3rRsHapFfHvQFoFB92e52xeyGMcX6/OlIl78je1u8vePzYZSkkogMPJ2yjxxsb89cxyw==",
      "dev": true
    },
    "node_modules/lodash.isplainobject": {
      "version": "4.0.6",
      "resolved": "https://registry.npmjs.org/lodash.isplainobject/-/lodash.isplainobject-4.0.6.tgz",
      "integrity": "sha512-oSXzaWypCMHkPC3NvBEaPHf0KsA5mvPrOPgQWDsbg8n7orZ290M0BmC/jgRZ4vcJ6DTAhjrsSYgdsW/F+MFOBA==",
      "dev": true
    },
    "node_modules/mime-db": {
      "version": "1.52.0",
      "resolved": "https://registry.npmjs.org/mime-db/-/mime-db-1.52.0.tgz",
      "integrity": "sha512-sPU4uV7dYlvtWJxwwxHD0PuihVNiE7TyAbQ5SWxDCB9mUYvOgroQOwYQQOKPJ8CIbE+1ETVlOoK1UC2nU3gYvg==",
      "dev": true,
      "engines": {
        "node": ">= 0.6"
      }
    },
    "node_modules/mime-types": {
      "version": "2.1.35",
      "resolved": "https://registry.npmjs.org/mime-types/-/mime-types-2.1.35.tgz",
      "integrity": "sha512-ZDY+bPm5zTTF+YpCrAU9nK0UgICYPT0QtT1NZWFv4s++TNkcgVaT0g6+4R2uI4MjQjzysHB1zxuWL50hzaeXiw==",
      "dev": true,
      "dependencies": {
        "mime-db": "1.52.0"
      },
      "engines": {
        "node": ">= 0.6"
      }
    },
    "node_modules/node-fetch": {
      "version": "2.6.9",
      "resolved": "https://registry.npmjs.org/node-fetch/-/node-fetch-2.6.9.tgz",
      "integrity": "sha512-DJm/CJkZkRjKKj4Zi4BsKVZh3ValV5IR5s7LVZnW+6YMh0W1BfNA8XSs6DLMGYlId5F3KnA70uu2qepcR08Qqg==",
      "dev": true,
      "dependencies": {
        "whatwg-url": "^5.0.0"
      },
      "engines": {
        "node": "4.x || >=6.0.0"
      },
      "peerDependencies": {
        "encoding": "^0.1.0"
      },
      "peerDependenciesMeta": {
        "encoding": {
          "optional": true
        }
      }
    },
    "node_modules/punycode": {
      "version": "2.3.0",
      "resolved": "https://registry.npmjs.org/punycode/-/punycode-2.3.0.tgz",
      "integrity": "sha512-rRV+zQD8tVFys26lAGR9WUuS4iUAngJScM+ZRSKtvl5tKeZ2t5bvdNFdNHBW9FWR4guGHlgmsZ1G7BSm2wTbuA==",
      "engines": {
        "node": ">=6"
      }
    },
    "node_modules/simple-swizzle": {
      "version": "0.2.2",
      "resolved": "https://registry.npmjs.org/simple-swizzle/-/simple-swizzle-0.2.2.tgz",
      "integrity": "sha512-JA//kQgZtbuY83m+xT+tXJkmJncGMTFT+C+g2h2R9uxkYIrE2yy9sgmcLhCnw57/WSD+Eh3J97FPEDFnbXnDUg==",
      "dev": true,
      "dependencies": {
        "is-arrayish": "^0.3.1"
      }
    },
    "node_modules/sortablejs": {
      "version": "1.15.0",
      "resolved": "https://registry.npmjs.org/sortablejs/-/sortablejs-1.15.0.tgz",
      "integrity": "sha512-bv9qgVMjUMf89wAvM6AxVvS/4MX3sPeN0+agqShejLU5z5GX4C75ow1O2e5k4L6XItUyAK3gH6AxSbXrOM5e8w==",
      "dev": true
    },
    "node_modules/strnum": {
      "version": "1.0.5",
      "resolved": "https://registry.npmjs.org/strnum/-/strnum-1.0.5.tgz",
      "integrity": "sha512-J8bbNyKKXl5qYcR36TIO8W3mVGVHrmmxsd5PAItGkmyzwJvybiw2IVq5nqd0i4LSNSkB/sx9VHllbfFdr9k1JA=="
    },
    "node_modules/tabbable": {
      "version": "6.0.1",
      "resolved": "https://registry.npmjs.org/tabbable/-/tabbable-6.0.1.tgz",
      "integrity": "sha512-SYJSIgeyXW7EuX1ytdneO5e8jip42oHWg9xl/o3oTYhmXusZVgiA+VlPvjIN+kHii9v90AmzTZEBcsEvuAY+TA==",
      "dev": true
    },
    "node_modules/tr46": {
      "version": "0.0.3",
      "resolved": "https://registry.npmjs.org/tr46/-/tr46-0.0.3.tgz",
      "integrity": "sha512-N3WMsuqV66lT30CrXNbEjx4GEwlow3v6rr4mCcv6prnfwhS01rkgyFdjPNBYd9br7LpXV1+Emh01fHnq2Gdgrw==",
      "dev": true
    },
    "node_modules/tslib": {
      "version": "1.14.1",
      "resolved": "https://registry.npmjs.org/tslib/-/tslib-1.14.1.tgz",
      "integrity": "sha512-Xni35NKzjgMrwevysHTCArtLDpPvye8zV/0E4EyYn43P7/7qvQwPh9BGkHewbMulVntbigmcT7rdX3BNo9wRJg=="
    },
    "node_modules/uri-js": {
      "version": "4.4.1",
      "resolved": "https://registry.npmjs.org/uri-js/-/uri-js-4.4.1.tgz",
      "integrity": "sha512-7rKUyy33Q1yc98pQ1DAmLtwX109F7TIfWlW1Ydo8Wl1ii1SeHieeh0HHfPeL2fMXK6z0s8ecKs9frCuLJvndBg==",
      "dependencies": {
        "punycode": "^2.1.0"
      }
    },
    "node_modules/webidl-conversions": {
      "version": "3.0.1",
      "resolved": "https://registry.npmjs.org/webidl-conversions/-/webidl-conversions-3.0.1.tgz",
      "integrity": "sha512-2JAn3z8AR6rjK8Sm8orRC0h/bcl/DqL7tRPdGZ4I1CjdF+EaMLmYxBHyXuKL849eucPFhvBoxMsflfOb8kxaeQ==",
      "dev": true
    },
    "node_modules/whatwg-fetch": {
      "version": "3.6.2",
      "resolved": "https://registry.npmjs.org/whatwg-fetch/-/whatwg-fetch-3.6.2.tgz",
      "integrity": "sha512-bJlen0FcuU/0EMLrdbJ7zOnW6ITZLrZMIarMUVmdKtsGvZna8vxKYaexICWPfZ8qwf9fzNq+UEIZrnSaApt6RA==",
      "dev": true
    },
    "node_modules/whatwg-url": {
      "version": "5.0.0",
      "resolved": "https://registry.npmjs.org/whatwg-url/-/whatwg-url-5.0.0.tgz",
      "integrity": "sha512-saE57nupxk6v3HY35+jzBwYa0rKSy0XR8JSxZPwgLr7ys0IBzhGviA1/TUGJLmSVqs8pb9AnvICXEuOHLprYTw==",
      "dev": true,
      "dependencies": {
        "tr46": "~0.0.3",
        "webidl-conversions": "^3.0.0"
      }
    },
    "node_modules/xss": {
      "version": "1.0.14",
      "resolved": "https://registry.npmjs.org/xss/-/xss-1.0.14.tgz",
      "integrity": "sha512-og7TEJhXvn1a7kzZGQ7ETjdQVS2UfZyTlsEdDOqvQF7GoxNfY+0YLCzBy1kPdsDDx4QuNAonQPddpsn6Xl/7sw==",
      "dev": true,
      "dependencies": {
        "commander": "^2.20.3",
        "cssfilter": "0.0.10"
      },
      "bin": {
        "xss": "bin/xss"
      },
      "engines": {
        "node": ">= 0.10.0"
      }
    }
  }
}
